
Microsoft Visual Studio Solution File, Format Version 12.00
# Visual Studio Version 17
VisualStudioVersion = 17.0.31903.59
MinimumVisualStudioVersion = 10.0.40219.1
Project("{FAE04EC0-301F-11D3-BF4B-00C04F79EFBC}") = "API", "API\API.csproj", "{CDF144AC-5191-4228-9748-86A6E6DC424A}"
EndProject
Project("{FAE04EC0-301F-11D3-BF4B-00C04F79EFBC}") = "Application", "Application\Application.csproj", "{798EC70E-B190-45C0-8B0E-40CBFD10B913}"
EndProject
Project("{FAE04EC0-301F-11D3-BF4B-00C04F79EFBC}") = "Domain", "Domain\Domain.csproj", "{0AFD1A2C-98C5-45A1-BF58-334AB7461737}"
EndProject
Project("{FAE04EC0-301F-11D3-BF4B-00C04F79EFBC}") = "Persistence", "Persistence\Persistence.csproj", "{71623ED3-B86E-4027-8CA5-86932B9216E1}"
EndProject
Global
	GlobalSection(SolutionConfigurationPlatforms) = preSolution
		Debug|Any CPU = Debug|Any CPU
		Release|Any CPU = Release|Any CPU
	EndGlobalSection
	GlobalSection(SolutionProperties) = preSolution
		HideSolutionNode = FALSE
	EndGlobalSection
	GlobalSection(ProjectConfigurationPlatforms) = postSolution
		{CDF144AC-5191-4228-9748-86A6E6DC424A}.Debug|Any CPU.ActiveCfg = Debug|Any CPU
		{CDF144AC-5191-4228-9748-86A6E6DC424A}.Debug|Any CPU.Build.0 = Debug|Any CPU
		{CDF144AC-5191-4228-9748-86A6E6DC424A}.Release|Any CPU.ActiveCfg = Release|Any CPU
		{CDF144AC-5191-4228-9748-86A6E6DC424A}.Release|Any CPU.Build.0 = Release|Any CPU
		{798EC70E-B190-45C0-8B0E-40CBFD10B913}.Debug|Any CPU.ActiveCfg = Debug|Any CPU
		{798EC70E-B190-45C0-8B0E-40CBFD10B913}.Debug|Any CPU.Build.0 = Debug|Any CPU
		{798EC70E-B190-45C0-8B0E-40CBFD10B913}.Release|Any CPU.ActiveCfg = Release|Any CPU
		{798EC70E-B190-45C0-8B0E-40CBFD10B913}.Release|Any CPU.Build.0 = Release|Any CPU
		{0AFD1A2C-98C5-45A1-BF58-334AB7461737}.Debug|Any CPU.ActiveCfg = Debug|Any CPU
		{0AFD1A2C-98C5-45A1-BF58-334AB7461737}.Debug|Any CPU.Build.0 = Debug|Any CPU
		{0AFD1A2C-98C5-45A1-BF58-334AB7461737}.Release|Any CPU.ActiveCfg = Release|Any CPU
		{0AFD1A2C-98C5-45A1-BF58-334AB7461737}.Release|Any CPU.Build.0 = Release|Any CPU
		{71623ED3-B86E-4027-8CA5-86932B9216E1}.Debug|Any CPU.ActiveCfg = Debug|Any CPU
		{71623ED3-B86E-4027-8CA5-86932B9216E1}.Debug|Any CPU.Build.0 = Debug|Any CPU
		{71623ED3-B86E-4027-8CA5-86932B9216E1}.Release|Any CPU.ActiveCfg = Release|Any CPU
		{71623ED3-B86E-4027-8CA5-86932B9216E1}.Release|Any CPU.Build.0 = Release|Any CPU
	EndGlobalSection
EndGlobal
